
Microsoft Visual Studio Solution File, Format Version 12.00
# Visual Studio Version 17
VisualStudioVersion = 17.0.32112.339
MinimumVisualStudioVersion = 10.0.40219.1
Project("{FAE04EC0-301F-11D3-BF4B-00C04F79EFBC}") = "WordDecoderApi", "WordDecoder\WordDecoderApi.csproj", "{1050A11E-05C0-47CD-9A71-D8643CCF7859}"
EndProject
Project("{2150E333-8FDC-42A3-9474-1A3956D46DE8}") = "Solution Items", "Solution Items", "{9C5EE227-728A-441F-8FC6-CDD958C0E089}"
	ProjectSection(SolutionItems) = preProject
		README.md = README.md
	EndProjectSection
EndProject
Global
	GlobalSection(SolutionConfigurationPlatforms) = preSolution
		Debug|Any CPU = Debug|Any CPU
		Release|Any CPU = Release|Any CPU
	EndGlobalSection
	GlobalSection(ProjectConfigurationPlatforms) = postSolution
		{1050A11E-05C0-47CD-9A71-D8643CCF7859}.Debug|Any CPU.ActiveCfg = Debug|Any CPU
		{1050A11E-05C0-47CD-9A71-D8643CCF7859}.Debug|Any CPU.Build.0 = Debug|Any CPU
		{1050A11E-05C0-47CD-9A71-D8643CCF7859}.Release|Any CPU.ActiveCfg = Release|Any CPU
		{1050A11E-05C0-47CD-9A71-D8643CCF7859}.Release|Any CPU.Build.0 = Release|Any CPU
	EndGlobalSection
	GlobalSection(SolutionProperties) = preSolution
		HideSolutionNode = FALSE
	EndGlobalSection
	GlobalSection(ExtensibilityGlobals) = postSolution
		SolutionGuid = {4537E35C-27CB-4698-8B82-1B38216C303F}
	EndGlobalSection
EndGlobal
